// !$*UTF8*$!
{
	archiveVersion = 1;
	classes = {
	};
	objectVersion = 46;
	objects = {

/* Begin PBXBuildFile section */
		DD38E28718899606003C7545 /* main.c in Sources */ = {isa = PBXBuildFile; fileRef = DD38E28618899606003C7545 /* main.c */; };
		DD38E28918899606003C7545 /* ParProg_Heatmap_Pure_C.1 in CopyFiles */ = {isa = PBXBuildFile; fileRef = DD38E28818899606003C7545 /* ParProg_Heatmap_Pure_C.1 */; };
/* End PBXBuildFile section */

/* Begin PBXCopyFilesBuildPhase section */
		DD38E28118899606003C7545 /* CopyFiles */ = {
			isa = PBXCopyFilesBuildPhase;
			buildActionMask = 2147483647;
			dstPath = /usr/share/man/man1/;
			dstSubfolderSpec = 0;
			files = (
				DD38E28918899606003C7545 /* ParProg_Heatmap_Pure_C.1 in CopyFiles */,
			);
			runOnlyForDeploymentPostprocessing = 1;
		};
/* End PBXCopyFilesBuildPhase section */

/* Begin PBXFileReference section */
		DD38E28318899606003C7545 /* ParProg-Heatmap-Pure-C */ = {isa = PBXFileReference; explicitFileType = "compiled.mach-o.executable"; includeInIndex = 0; path = "ParProg-Heatmap-Pure-C"; sourceTree = BUILT_PRODUCTS_DIR; };
		DD38E28618899606003C7545 /* main.c */ = {isa = PBXFileReference; lastKnownFileType = sourcecode.c.c; path = main.c; sourceTree = "<group>"; };
		DD38E28818899606003C7545 /* ParProg_Heatmap_Pure_C.1 */ = {isa = PBXFileReference; lastKnownFileType = text.man; path = ParProg_Heatmap_Pure_C.1; sourceTree = "<group>"; };
/* End PBXFileReference section */

/* Begin PBXFrameworksBuildPhase section */
		DD38E28018899606003C7545 /* Frameworks */ = {
			isa = PBXFrameworksBuildPhase;
			buildActionMask = 2147483647;
			files = (
			);
			runOnlyForDeploymentPostprocessing = 0;
		};
/* End PBXFrameworksBuildPhase section */

/* Begin PBXGroup section */
		DD38E27A18899606003C7545 = {
			isa = PBXGroup;
			children = (
				DD38E28518899606003C7545 /* ParProg-Heatmap-Pure-C */,
				DD38E28418899606003C7545 /* Products */,
			);
			sourceTree = "<group>";
		};
		DD38E28418899606003C7545 /* Products */ = {
			isa = PBXGroup;
			children = (
				DD38E28318899606003C7545 /* ParProg-Heatmap-Pure-C */,
			);
			name = Products;
			sourceTree = "<group>";
		};
		DD38E28518899606003C7545 /* ParProg-Heatmap-Pure-C */ = {
			isa = PBXGroup;
			children = (
				DD38E28618899606003C7545 /* main.c */,
				DD38E28818899606003C7545 /* ParProg_Heatmap_Pure_C.1 */,
			);
			path = "ParProg-Heatmap-Pure-C";
			sourceTree = "<group>";
		};
/* End PBXGroup section */

/* Begin PBXNativeTarget section */
		DD38E28218899606003C7545 /* ParProg-Heatmap-Pure-C */ = {
			isa = PBXNativeTarget;
			buildConfigurationList = DD38E28C18899606003C7545 /* Build configuration list for PBXNativeTarget "ParProg-Heatmap-Pure-C" */;
			buildPhases = (
				DD38E27F18899606003C7545 /* Sources */,
				DD38E28018899606003C7545 /* Frameworks */,
				DD38E28118899606003C7545 /* CopyFiles */,
			);
			buildRules = (
			);
			dependencies = (
			);
			name = "ParProg-Heatmap-Pure-C";
			productName = "ParProg-Heatmap-Pure-C";
			productReference = DD38E28318899606003C7545 /* ParProg-Heatmap-Pure-C */;
			productType = "com.apple.product-type.tool";
		};
/* End PBXNativeTarget section */

/* Begin PBXProject section */
		DD38E27B18899606003C7545 /* Project object */ = {
			isa = PBXProject;
			attributes = {
				LastUpgradeCheck = 0500;
				ORGANIZATIONNAME = Jonas;
			};
			buildConfigurationList = DD38E27E18899606003C7545 /* Build configuration list for PBXProject "ParProg-Heatmap-Pure-C" */;
			compatibilityVersion = "Xcode 3.2";
			developmentRegion = English;
			hasScannedForEncodings = 0;
			knownRegions = (
				en,
			);
			mainGroup = DD38E27A18899606003C7545;
			productRefGroup = DD38E28418899606003C7545 /* Products */;
			projectDirPath = "";
			projectRoot = "";
			targets = (
				DD38E28218899606003C7545 /* ParProg-Heatmap-Pure-C */,
			);
		};
/* End PBXProject section */

/* Begin PBXSourcesBuildPhase section */
		DD38E27F18899606003C7545 /* Sources */ = {
			isa = PBXSourcesBuildPhase;
			buildActionMask = 2147483647;
			files = (
				DD38E28718899606003C7545 /* main.c in Sources */,
			);
			runOnlyForDeploymentPostprocessing = 0;
		};
/* End PBXSourcesBuildPhase section */

/* Begin XCBuildConfiguration section */
		DD38E28A18899606003C7545 /* Debug */ = {
			isa = XCBuildConfiguration;
			buildSettings = {
				ALWAYS_SEARCH_USER_PATHS = NO;
				CLANG_CXX_LANGUAGE_STANDARD = "gnu++0x";
				CLANG_CXX_LIBRARY = "libc++";
				CLANG_ENABLE_OBJC_ARC = YES;
				CLANG_WARN_BOOL_CONVERSION = YES;
				CLANG_WARN_CONSTANT_CONVERSION = YES;
				CLANG_WARN_DIRECT_OBJC_ISA_USAGE = YES_ERROR;
				CLANG_WARN_EMPTY_BODY = YES;
				CLANG_WARN_ENUM_CONVERSION = YES;
				CLANG_WARN_INT_CONVERSION = YES;
				CLANG_WARN_OBJC_ROOT_CLASS = YES_ERROR;
				CLANG_WARN__DUPLICATE_METHOD_MATCH = YES;
				COPY_PHASE_STRIP = NO;
				GCC_C_LANGUAGE_STANDARD = gnu99;
				GCC_DYNAMIC_NO_PIC = NO;
				GCC_ENABLE_OBJC_EXCEPTIONS = YES;
				GCC_OPTIMIZATION_LEVEL = 0;
				GCC_PREPROCESSOR_DEFINITIONS = (
					"DEBUG=1",
					"$(inherited)",
				);
				GCC_SYMBOLS_PRIVATE_EXTERN = NO;
				GCC_WARN_64_TO_32_BIT_CONVERSION = YES;
				GCC_WARN_ABOUT_RETURN_TYPE = YES_ERROR;
				GCC_WARN_UNDECLARED_SELECTOR = YES;
				GCC_WARN_UNINITIALIZED_AUTOS = YES;
				GCC_WARN_UNUSED_FUNCTION = YES;
				GCC_WARN_UNUSED_VARIABLE = YES;
				MACOSX_DEPLOYMENT_TARGET = 10.9;
				ONLY_ACTIVE_ARCH = YES;
				SDKROOT = macosx;
			};
			name = Debug;
		};
		DD38E28B18899606003C7545 /* Release */ = {
			isa = XCBuildConfiguration;
			buildSettings = {
				ALWAYS_SEARCH_USER_PATHS = NO;
				CLANG_CXX_LANGUAGE_STANDARD = "gnu++0x";
				CLANG_CXX_LIBRARY = "libc++";
				CLANG_ENABLE_OBJC_ARC = YES;
				CLANG_WARN_BOOL_CONVERSION = YES;
				CLANG_WARN_CONSTANT_CONVERSION = YES;
				CLANG_WARN_DIRECT_OBJC_ISA_USAGE = YES_ERROR;
				CLANG_WARN_EMPTY_BODY = YES;
				CLANG_WARN_ENUM_CONVERSION = YES;
				CLANG_WARN_INT_CONVERSION = YES;
				CLANG_WARN_OBJC_ROOT_CLASS = YES_ERROR;
				CLANG_WARN__DUPLICATE_METHOD_MATCH = YES;
				COPY_PHASE_STRIP = YES;
				DEBUG_INFORMATION_FORMAT = "dwarf-with-dsym";
				ENABLE_NS_ASSERTIONS = NO;
				GCC_C_LANGUAGE_STANDARD = gnu99;
				GCC_ENABLE_OBJC_EXCEPTIONS = YES;
				GCC_WARN_64_TO_32_BIT_CONVERSION = YES;
				GCC_WARN_ABOUT_RETURN_TYPE = YES_ERROR;
				GCC_WARN_UNDECLARED_SELECTOR = YES;
				GCC_WARN_UNINITIALIZED_AUTOS = YES;
				GCC_WARN_UNUSED_FUNCTION = YES;
				GCC_WARN_UNUSED_VARIABLE = YES;
				MACOSX_DEPLOYMENT_TARGET = 10.9;
				SDKROOT = macosx;
			};
			name = Release;
		};
		DD38E28D18899606003C7545 /* Debug */ = {
			isa = XCBuildConfiguration;
			buildSettings = {
				PRODUCT_NAME = "$(TARGET_NAME)";
			};
			name = Debug;
		};
		DD38E28E18899606003C7545 /* Release */ = {
			isa = XCBuildConfiguration;
			buildSettings = {
				PRODUCT_NAME = "$(TARGET_NAME)";
			};
			name = Release;
		};
/* End XCBuildConfiguration section */

/* Begin XCConfigurationList section */
		DD38E27E18899606003C7545 /* Build configuration list for PBXProject "ParProg-Heatmap-Pure-C" */ = {
			isa = XCConfigurationList;
			buildConfigurations = (
				DD38E28A18899606003C7545 /* Debug */,
				DD38E28B18899606003C7545 /* Release */,
			);
			defaultConfigurationIsVisible = 0;
			defaultConfigurationName = Release;
		};
		DD38E28C18899606003C7545 /* Build configuration list for PBXNativeTarget "ParProg-Heatmap-Pure-C" */ = {
			isa = XCConfigurationList;
			buildConfigurations = (
				DD38E28D18899606003C7545 /* Debug */,
				DD38E28E18899606003C7545 /* Release */,
			);
			defaultConfigurationIsVisible = 0;
		};
/* End XCConfigurationList section */
	};
	rootObject = DD38E27B18899606003C7545 /* Project object */;
}
